// !$*UTF8*$!
{
	archiveVersion = 1;
	classes = {
	};
	objectVersion = 50;
	objects = {

/* Begin PBXBuildFile section */
		57D5A1274F8F24A93A5A2961 /* Pods_flixster.framework in Frameworks */ = {isa = PBXBuildFile; fileRef = A80843041273A0D32E776D0B /* Pods_flixster.framework */; };
		59A1CB29205A2B8396279882 /* Pods_flixster_flixsterUITests.framework in Frameworks */ = {isa = PBXBuildFile; fileRef = 85A6AB48FDCF3D3173336397 /* Pods_flixster_flixsterUITests.framework */; };
		C2F7767E25C8FE6000D2689D /* AppDelegate.swift in Sources */ = {isa = PBXBuildFile; fileRef = C2F7767D25C8FE6000D2689D /* AppDelegate.swift */; };
		C2F7768025C8FE6000D2689D /* SceneDelegate.swift in Sources */ = {isa = PBXBuildFile; fileRef = C2F7767F25C8FE6000D2689D /* SceneDelegate.swift */; };
		C2F7768225C8FE6000D2689D /* ViewController.swift in Sources */ = {isa = PBXBuildFile; fileRef = C2F7768125C8FE6000D2689D /* ViewController.swift */; };
		C2F7768525C8FE6000D2689D /* Main.storyboard in Resources */ = {isa = PBXBuildFile; fileRef = C2F7768325C8FE6000D2689D /* Main.storyboard */; };
		C2F7768725C8FE6200D2689D /* Assets.xcassets in Resources */ = {isa = PBXBuildFile; fileRef = C2F7768625C8FE6200D2689D /* Assets.xcassets */; };
		C2F7768A25C8FE6200D2689D /* LaunchScreen.storyboard in Resources */ = {isa = PBXBuildFile; fileRef = C2F7768825C8FE6200D2689D /* LaunchScreen.storyboard */; };
		C2F7769525C8FE6200D2689D /* flixsterTests.swift in Sources */ = {isa = PBXBuildFile; fileRef = C2F7769425C8FE6200D2689D /* flixsterTests.swift */; };
		C2F776A025C8FE6200D2689D /* flixsterUITests.swift in Sources */ = {isa = PBXBuildFile; fileRef = C2F7769F25C8FE6200D2689D /* flixsterUITests.swift */; };
		C2F776B125C92DB600D2689D /* MovieCell.swift in Sources */ = {isa = PBXBuildFile; fileRef = C2F776B025C92DB600D2689D /* MovieCell.swift */; };
		D40D65294035B08E54AA1992 /* Pods_flixsterTests.framework in Frameworks */ = {isa = PBXBuildFile; fileRef = DE73C9CE9ABF0E52399B4952 /* Pods_flixsterTests.framework */; };
/* End PBXBuildFile section */

/* Begin PBXContainerItemProxy section */
		C2F7769125C8FE6200D2689D /* PBXContainerItemProxy */ = {
			isa = PBXContainerItemProxy;
			containerPortal = C2F7767225C8FE6000D2689D /* Project object */;
			proxyType = 1;
			remoteGlobalIDString = C2F7767925C8FE6000D2689D;
			remoteInfo = flixster;
		};
		C2F7769C25C8FE6200D2689D /* PBXContainerItemProxy */ = {
			isa = PBXContainerItemProxy;
			containerPortal = C2F7767225C8FE6000D2689D /* Project object */;
			proxyType = 1;
			remoteGlobalIDString = C2F7767925C8FE6000D2689D;
			remoteInfo = flixster;
		};
/* End PBXContainerItemProxy section */

/* Begin PBXFileReference section */
		2E8B3161EE46ADFCCC9B051D /* Pods-flixsterTests.debug.xcconfig */ = {isa = PBXFileReference; includeInIndex = 1; lastKnownFileType = text.xcconfig; name = "Pods-flixsterTests.debug.xcconfig"; path = "Target Support Files/Pods-flixsterTests/Pods-flixsterTests.debug.xcconfig"; sourceTree = "<group>"; };
		77E0D731721CB905A1852B5C /* Pods-flixsterTests.release.xcconfig */ = {isa = PBXFileReference; includeInIndex = 1; lastKnownFileType = text.xcconfig; name = "Pods-flixsterTests.release.xcconfig"; path = "Target Support Files/Pods-flixsterTests/Pods-flixsterTests.release.xcconfig"; sourceTree = "<group>"; };
		85A6AB48FDCF3D3173336397 /* Pods_flixster_flixsterUITests.framework */ = {isa = PBXFileReference; explicitFileType = wrapper.framework; includeInIndex = 0; path = Pods_flixster_flixsterUITests.framework; sourceTree = BUILT_PRODUCTS_DIR; };
		86ADB05B3BA4468D6DDA8A53 /* Pods-flixster-flixsterUITests.debug.xcconfig */ = {isa = PBXFileReference; includeInIndex = 1; lastKnownFileType = text.xcconfig; name = "Pods-flixster-flixsterUITests.debug.xcconfig"; path = "Target Support Files/Pods-flixster-flixsterUITests/Pods-flixster-flixsterUITests.debug.xcconfig"; sourceTree = "<group>"; };
		A80843041273A0D32E776D0B /* Pods_flixster.framework */ = {isa = PBXFileReference; explicitFileType = wrapper.framework; includeInIndex = 0; path = Pods_flixster.framework; sourceTree = BUILT_PRODUCTS_DIR; };
		B204D98519778AA973684B7B /* Pods-flixster.debug.xcconfig */ = {isa = PBXFileReference; includeInIndex = 1; lastKnownFileType = text.xcconfig; name = "Pods-flixster.debug.xcconfig"; path = "Target Support Files/Pods-flixster/Pods-flixster.debug.xcconfig"; sourceTree = "<group>"; };
		C2F7767A25C8FE6000D2689D /* flixster.app */ = {isa = PBXFileReference; explicitFileType = wrapper.application; includeInIndex = 0; path = flixster.app; sourceTree = BUILT_PRODUCTS_DIR; };
		C2F7767D25C8FE6000D2689D /* AppDelegate.swift */ = {isa = PBXFileReference; lastKnownFileType = sourcecode.swift; path = AppDelegate.swift; sourceTree = "<group>"; };
		C2F7767F25C8FE6000D2689D /* SceneDelegate.swift */ = {isa = PBXFileReference; lastKnownFileType = sourcecode.swift; path = SceneDelegate.swift; sourceTree = "<group>"; };
		C2F7768125C8FE6000D2689D /* ViewController.swift */ = {isa = PBXFileReference; lastKnownFileType = sourcecode.swift; path = ViewController.swift; sourceTree = "<group>"; };
		C2F7768425C8FE6000D2689D /* Base */ = {isa = PBXFileReference; lastKnownFileType = file.storyboard; name = Base; path = Base.lproj/Main.storyboard; sourceTree = "<group>"; };
		C2F7768625C8FE6200D2689D /* Assets.xcassets */ = {isa = PBXFileReference; lastKnownFileType = folder.assetcatalog; path = Assets.xcassets; sourceTree = "<group>"; };
		C2F7768925C8FE6200D2689D /* Base */ = {isa = PBXFileReference; lastKnownFileType = file.storyboard; name = Base; path = Base.lproj/LaunchScreen.storyboard; sourceTree = "<group>"; };
		C2F7768B25C8FE6200D2689D /* Info.plist */ = {isa = PBXFileReference; lastKnownFileType = text.plist.xml; path = Info.plist; sourceTree = "<group>"; };
		C2F7769025C8FE6200D2689D /* flixsterTests.xctest */ = {isa = PBXFileReference; explicitFileType = wrapper.cfbundle; includeInIndex = 0; path = flixsterTests.xctest; sourceTree = BUILT_PRODUCTS_DIR; };
		C2F7769425C8FE6200D2689D /* flixsterTests.swift */ = {isa = PBXFileReference; lastKnownFileType = sourcecode.swift; path = flixsterTests.swift; sourceTree = "<group>"; };
		C2F7769625C8FE6200D2689D /* Info.plist */ = {isa = PBXFileReference; lastKnownFileType = text.plist.xml; path = Info.plist; sourceTree = "<group>"; };
		C2F7769B25C8FE6200D2689D /* flixsterUITests.xctest */ = {isa = PBXFileReference; explicitFileType = wrapper.cfbundle; includeInIndex = 0; path = flixsterUITests.xctest; sourceTree = BUILT_PRODUCTS_DIR; };
		C2F7769F25C8FE6200D2689D /* flixsterUITests.swift */ = {isa = PBXFileReference; lastKnownFileType = sourcecode.swift; path = flixsterUITests.swift; sourceTree = "<group>"; };
		C2F776A125C8FE6200D2689D /* Info.plist */ = {isa = PBXFileReference; lastKnownFileType = text.plist.xml; path = Info.plist; sourceTree = "<group>"; };
		C2F776B025C92DB600D2689D /* MovieCell.swift */ = {isa = PBXFileReference; lastKnownFileType = sourcecode.swift; path = MovieCell.swift; sourceTree = "<group>"; };
		CD3B3A759B24990016EC9F18 /* Pods-flixster-flixsterUITests.release.xcconfig */ = {isa = PBXFileReference; includeInIndex = 1; lastKnownFileType = text.xcconfig; name = "Pods-flixster-flixsterUITests.release.xcconfig"; path = "Target Support Files/Pods-flixster-flixsterUITests/Pods-flixster-flixsterUITests.release.xcconfig"; sourceTree = "<group>"; };
		DE73C9CE9ABF0E52399B4952 /* Pods_flixsterTests.framework */ = {isa = PBXFileReference; explicitFileType = wrapper.framework; includeInIndex = 0; path = Pods_flixsterTests.framework; sourceTree = BUILT_PRODUCTS_DIR; };
		F59C0F01F05CF6F9070C0D77 /* Pods-flixster.release.xcconfig */ = {isa = PBXFileReference; includeInIndex = 1; lastKnownFileType = text.xcconfig; name = "Pods-flixster.release.xcconfig"; path = "Target Support Files/Pods-flixster/Pods-flixster.release.xcconfig"; sourceTree = "<group>"; };
/* End PBXFileReference section */

/* Begin PBXFrameworksBuildPhase section */
		C2F7767725C8FE6000D2689D /* Frameworks */ = {
			isa = PBXFrameworksBuildPhase;
			buildActionMask = 2147483647;
			files = (
				57D5A1274F8F24A93A5A2961 /* Pods_flixster.framework in Frameworks */,
			);
			runOnlyForDeploymentPostprocessing = 0;
		};
		C2F7768D25C8FE6200D2689D /* Frameworks */ = {
			isa = PBXFrameworksBuildPhase;
			buildActionMask = 2147483647;
			files = (
				D40D65294035B08E54AA1992 /* Pods_flixsterTests.framework in Frameworks */,
			);
			runOnlyForDeploymentPostprocessing = 0;
		};
		C2F7769825C8FE6200D2689D /* Frameworks */ = {
			isa = PBXFrameworksBuildPhase;
			buildActionMask = 2147483647;
			files = (
				59A1CB29205A2B8396279882 /* Pods_flixster_flixsterUITests.framework in Frameworks */,
			);
			runOnlyForDeploymentPostprocessing = 0;
		};
/* End PBXFrameworksBuildPhase section */

/* Begin PBXGroup section */
		C2F7767125C8FE6000D2689D = {
			isa = PBXGroup;
			children = (
				C2F7767C25C8FE6000D2689D /* flixster */,
				C2F7769325C8FE6200D2689D /* flixsterTests */,
				C2F7769E25C8FE6200D2689D /* flixsterUITests */,
				C2F7767B25C8FE6000D2689D /* Products */,
				DE8DC2B81E49C47353BF6FB7 /* Pods */,
				CA9F34828AC252EE4050053F /* Frameworks */,
			);
			sourceTree = "<group>";
		};
		C2F7767B25C8FE6000D2689D /* Products */ = {
			isa = PBXGroup;
			children = (
				C2F7767A25C8FE6000D2689D /* flixster.app */,
				C2F7769025C8FE6200D2689D /* flixsterTests.xctest */,
				C2F7769B25C8FE6200D2689D /* flixsterUITests.xctest */,
			);
			name = Products;
			sourceTree = "<group>";
		};
		C2F7767C25C8FE6000D2689D /* flixster */ = {
			isa = PBXGroup;
			children = (
				C2F7767D25C8FE6000D2689D /* AppDelegate.swift */,
				C2F7767F25C8FE6000D2689D /* SceneDelegate.swift */,
				C2F7768125C8FE6000D2689D /* ViewController.swift */,
				C2F7768325C8FE6000D2689D /* Main.storyboard */,
				C2F776B025C92DB600D2689D /* MovieCell.swift */,
				C2F7768625C8FE6200D2689D /* Assets.xcassets */,
				C2F7768825C8FE6200D2689D /* LaunchScreen.storyboard */,
				C2F7768B25C8FE6200D2689D /* Info.plist */,
			);
			path = flixster;
			sourceTree = "<group>";
		};
		C2F7769325C8FE6200D2689D /* flixsterTests */ = {
			isa = PBXGroup;
			children = (
				C2F7769425C8FE6200D2689D /* flixsterTests.swift */,
				C2F7769625C8FE6200D2689D /* Info.plist */,
			);
			path = flixsterTests;
			sourceTree = "<group>";
		};
		C2F7769E25C8FE6200D2689D /* flixsterUITests */ = {
			isa = PBXGroup;
			children = (
				C2F7769F25C8FE6200D2689D /* flixsterUITests.swift */,
				C2F776A125C8FE6200D2689D /* Info.plist */,
			);
			path = flixsterUITests;
			sourceTree = "<group>";
		};
		CA9F34828AC252EE4050053F /* Frameworks */ = {
			isa = PBXGroup;
			children = (
				A80843041273A0D32E776D0B /* Pods_flixster.framework */,
				85A6AB48FDCF3D3173336397 /* Pods_flixster_flixsterUITests.framework */,
				DE73C9CE9ABF0E52399B4952 /* Pods_flixsterTests.framework */,
			);
			name = Frameworks;
			sourceTree = "<group>";
		};
		DE8DC2B81E49C47353BF6FB7 /* Pods */ = {
			isa = PBXGroup;
			children = (
				B204D98519778AA973684B7B /* Pods-flixster.debug.xcconfig */,
				F59C0F01F05CF6F9070C0D77 /* Pods-flixster.release.xcconfig */,
				86ADB05B3BA4468D6DDA8A53 /* Pods-flixster-flixsterUITests.debug.xcconfig */,
				CD3B3A759B24990016EC9F18 /* Pods-flixster-flixsterUITests.release.xcconfig */,
				2E8B3161EE46ADFCCC9B051D /* Pods-flixsterTests.debug.xcconfig */,
				77E0D731721CB905A1852B5C /* Pods-flixsterTests.release.xcconfig */,
			);
			name = Pods;
			path = Pods;
			sourceTree = "<group>";
		};
/* End PBXGroup section */

/* Begin PBXNativeTarget section */
		C2F7767925C8FE6000D2689D /* flixster */ = {
			isa = PBXNativeTarget;
			buildConfigurationList = C2F776A425C8FE6200D2689D /* Build configuration list for PBXNativeTarget "flixster" */;
			buildPhases = (
				7E3C045EC8AD2C2B1FE40251 /* [CP] Check Pods Manifest.lock */,
				C2F7767625C8FE6000D2689D /* Sources */,
				C2F7767725C8FE6000D2689D /* Frameworks */,
				C2F7767825C8FE6000D2689D /* Resources */,
				82AF376F972FFA8B9E9947DF /* [CP] Embed Pods Frameworks */,
			);
			buildRules = (
			);
			dependencies = (
			);
			name = flixster;
			productName = flixster;
			productReference = C2F7767A25C8FE6000D2689D /* flixster.app */;
			productType = "com.apple.product-type.application";
		};
		C2F7768F25C8FE6200D2689D /* flixsterTests */ = {
			isa = PBXNativeTarget;
			buildConfigurationList = C2F776A725C8FE6200D2689D /* Build configuration list for PBXNativeTarget "flixsterTests" */;
			buildPhases = (
				419E3A2EE2CA7310FA92D530 /* [CP] Check Pods Manifest.lock */,
				C2F7768C25C8FE6200D2689D /* Sources */,
				C2F7768D25C8FE6200D2689D /* Frameworks */,
				C2F7768E25C8FE6200D2689D /* Resources */,
			);
			buildRules = (
			);
			dependencies = (
				C2F7769225C8FE6200D2689D /* PBXTargetDependency */,
			);
			name = flixsterTests;
			productName = flixsterTests;
			productReference = C2F7769025C8FE6200D2689D /* flixsterTests.xctest */;
			productType = "com.apple.product-type.bundle.unit-test";
		};
		C2F7769A25C8FE6200D2689D /* flixsterUITests */ = {
			isa = PBXNativeTarget;
			buildConfigurationList = C2F776AA25C8FE6200D2689D /* Build configuration list for PBXNativeTarget "flixsterUITests" */;
			buildPhases = (
				3D50B284F793F578F3274486 /* [CP] Check Pods Manifest.lock */,
				C2F7769725C8FE6200D2689D /* Sources */,
				C2F7769825C8FE6200D2689D /* Frameworks */,
				C2F7769925C8FE6200D2689D /* Resources */,
				D5AAEE705DFF80563054E292 /* [CP] Embed Pods Frameworks */,
			);
			buildRules = (
			);
			dependencies = (
				C2F7769D25C8FE6200D2689D /* PBXTargetDependency */,
			);
			name = flixsterUITests;
			productName = flixsterUITests;
			productReference = C2F7769B25C8FE6200D2689D /* flixsterUITests.xctest */;
			productType = "com.apple.product-type.bundle.ui-testing";
		};
/* End PBXNativeTarget section */

/* Begin PBXProject section */
		C2F7767225C8FE6000D2689D /* Project object */ = {
			isa = PBXProject;
			attributes = {
				LastSwiftUpdateCheck = 1230;
				LastUpgradeCheck = 1230;
				TargetAttributes = {
					C2F7767925C8FE6000D2689D = {
						CreatedOnToolsVersion = 12.3;
					};
					C2F7768F25C8FE6200D2689D = {
						CreatedOnToolsVersion = 12.3;
						TestTargetID = C2F7767925C8FE6000D2689D;
					};
					C2F7769A25C8FE6200D2689D = {
						CreatedOnToolsVersion = 12.3;
						TestTargetID = C2F7767925C8FE6000D2689D;
					};
				};
			};
			buildConfigurationList = C2F7767525C8FE6000D2689D /* Build configuration list for PBXProject "flixster" */;
			compatibilityVersion = "Xcode 9.3";
			developmentRegion = en;
			hasScannedForEncodings = 0;
			knownRegions = (
				en,
				Base,
			);
			mainGroup = C2F7767125C8FE6000D2689D;
			productRefGroup = C2F7767B25C8FE6000D2689D /* Products */;
			projectDirPath = "";
			projectRoot = "";
			targets = (
				C2F7767925C8FE6000D2689D /* flixster */,
				C2F7768F25C8FE6200D2689D /* flixsterTests */,
				C2F7769A25C8FE6200D2689D /* flixsterUITests */,
			);
		};
/* End PBXProject section */

/* Begin PBXResourcesBuildPhase section */
		C2F7767825C8FE6000D2689D /* Resources */ = {
			isa = PBXResourcesBuildPhase;
			buildActionMask = 2147483647;
			files = (
				C2F7768A25C8FE6200D2689D /* LaunchScreen.storyboard in Resources */,
				C2F7768725C8FE6200D2689D /* Assets.xcassets in Resources */,
				C2F7768525C8FE6000D2689D /* Main.storyboard in Resources */,
			);
			runOnlyForDeploymentPostprocessing = 0;
		};
		C2F7768E25C8FE6200D2689D /* Resources */ = {
			isa = PBXResourcesBuildPhase;
			buildActionMask = 2147483647;
			files = (
			);
			runOnlyForDeploymentPostprocessing = 0;
		};
		C2F7769925C8FE6200D2689D /* Resources */ = {
			isa = PBXResourcesBuildPhase;
			buildActionMask = 2147483647;
			files = (
			);
			runOnlyForDeploymentPostprocessing = 0;
		};
/* End PBXResourcesBuildPhase section */

/* Begin PBXShellScriptBuildPhase section */
		3D50B284F793F578F3274486 /* [CP] Check Pods Manifest.lock */ = {
			isa = PBXShellScriptBuildPhase;
			buildActionMask = 2147483647;
			files = (
			);
			inputFileListPaths = (
			);
			inputPaths = (
				"${PODS_PODFILE_DIR_PATH}/Podfile.lock",
				"${PODS_ROOT}/Manifest.lock",
			);
			name = "[CP] Check Pods Manifest.lock";
			outputFileListPaths = (
			);
			outputPaths = (
				"$(DERIVED_FILE_DIR)/Pods-flixster-flixsterUITests-checkManifestLockResult.txt",
			);
			runOnlyForDeploymentPostprocessing = 0;
			shellPath = /bin/sh;
			shellScript = "diff \"${PODS_PODFILE_DIR_PATH}/Podfile.lock\" \"${PODS_ROOT}/Manifest.lock\" > /dev/null\nif [ $? != 0 ] ; then\n    # print error to STDERR\n    echo \"error: The sandbox is not in sync with the Podfile.lock. Run 'pod install' or update your CocoaPods installation.\" >&2\n    exit 1\nfi\n# This output is used by Xcode 'outputs' to avoid re-running this script phase.\necho \"SUCCESS\" > \"${SCRIPT_OUTPUT_FILE_0}\"\n";
			showEnvVarsInLog = 0;
		};
		419E3A2EE2CA7310FA92D530 /* [CP] Check Pods Manifest.lock */ = {
			isa = PBXShellScriptBuildPhase;
			buildActionMask = 2147483647;
			files = (
			);
			inputFileListPaths = (
			);
			inputPaths = (
				"${PODS_PODFILE_DIR_PATH}/Podfile.lock",
				"${PODS_ROOT}/Manifest.lock",
			);
			name = "[CP] Check Pods Manifest.lock";
			outputFileListPaths = (
			);
			outputPaths = (
				"$(DERIVED_FILE_DIR)/Pods-flixsterTests-checkManifestLockResult.txt",
			);
			runOnlyForDeploymentPostprocessing = 0;
			shellPath = /bin/sh;
			shellScript = "diff \"${PODS_PODFILE_DIR_PATH}/Podfile.lock\" \"${PODS_ROOT}/Manifest.lock\" > /dev/null\nif [ $? != 0 ] ; then\n    # print error to STDERR\n    echo \"error: The sandbox is not in sync with the Podfile.lock. Run 'pod install' or update your CocoaPods installation.\" >&2\n    exit 1\nfi\n# This output is used by Xcode 'outputs' to avoid re-running this script phase.\necho \"SUCCESS\" > \"${SCRIPT_OUTPUT_FILE_0}\"\n";
			showEnvVarsInLog = 0;
		};
		7E3C045EC8AD2C2B1FE40251 /* [CP] Check Pods Manifest.lock */ = {
			isa = PBXShellScriptBuildPhase;
			buildActionMask = 2147483647;
			files = (
			);
			inputFileListPaths = (
			);
			inputPaths = (
				"${PODS_PODFILE_DIR_PATH}/Podfile.lock",
				"${PODS_ROOT}/Manifest.lock",
			);
			name = "[CP] Check Pods Manifest.lock";
			outputFileListPaths = (
			);
			outputPaths = (
				"$(DERIVED_FILE_DIR)/Pods-flixster-checkManifestLockResult.txt",
			);
			runOnlyForDeploymentPostprocessing = 0;
			shellPath = /bin/sh;
			shellScript = "diff \"${PODS_PODFILE_DIR_PATH}/Podfile.lock\" \"${PODS_ROOT}/Manifest.lock\" > /dev/null\nif [ $? != 0 ] ; then\n    # print error to STDERR\n    echo \"error: The sandbox is not in sync with the Podfile.lock. Run 'pod install' or update your CocoaPods installation.\" >&2\n    exit 1\nfi\n# This output is used by Xcode 'outputs' to avoid re-running this script phase.\necho \"SUCCESS\" > \"${SCRIPT_OUTPUT_FILE_0}\"\n";
			showEnvVarsInLog = 0;
		};
		82AF376F972FFA8B9E9947DF /* [CP] Embed Pods Frameworks */ = {
			isa = PBXShellScriptBuildPhase;
			buildActionMask = 2147483647;
			files = (
			);
			inputFileListPaths = (
				"${PODS_ROOT}/Target Support Files/Pods-flixster/Pods-flixster-frameworks-${CONFIGURATION}-input-files.xcfilelist",
			);
			name = "[CP] Embed Pods Frameworks";
			outputFileListPaths = (
				"${PODS_ROOT}/Target Support Files/Pods-flixster/Pods-flixster-frameworks-${CONFIGURATION}-output-files.xcfilelist",
			);
			runOnlyForDeploymentPostprocessing = 0;
			shellPath = /bin/sh;
			shellScript = "\"${PODS_ROOT}/Target Support Files/Pods-flixster/Pods-flixster-frameworks.sh\"\n";
			showEnvVarsInLog = 0;
		};
		D5AAEE705DFF80563054E292 /* [CP] Embed Pods Frameworks */ = {
			isa = PBXShellScriptBuildPhase;
			buildActionMask = 2147483647;
			files = (
			);
			inputFileListPaths = (
				"${PODS_ROOT}/Target Support Files/Pods-flixster-flixsterUITests/Pods-flixster-flixsterUITests-frameworks-${CONFIGURATION}-input-files.xcfilelist",
			);
			name = "[CP] Embed Pods Frameworks";
			outputFileListPaths = (
				"${PODS_ROOT}/Target Support Files/Pods-flixster-flixsterUITests/Pods-flixster-flixsterUITests-frameworks-${CONFIGURATION}-output-files.xcfilelist",
			);
			runOnlyForDeploymentPostprocessing = 0;
			shellPath = /bin/sh;
			shellScript = "\"${PODS_ROOT}/Target Support Files/Pods-flixster-flixsterUITests/Pods-flixster-flixsterUITests-frameworks.sh\"\n";
			showEnvVarsInLog = 0;
		};
/* End PBXShellScriptBuildPhase section */

/* Begin PBXSourcesBuildPhase section */
		C2F7767625C8FE6000D2689D /* Sources */ = {
			isa = PBXSourcesBuildPhase;
			buildActionMask = 2147483647;
			files = (
				C2F7768225C8FE6000D2689D /* ViewController.swift in Sources */,
				C2F7767E25C8FE6000D2689D /* AppDelegate.swift in Sources */,
				C2F776B125C92DB600D2689D /* MovieCell.swift in Sources */,
				C2F7768025C8FE6000D2689D /* SceneDelegate.swift in Sources */,
			);
			runOnlyForDeploymentPostprocessing = 0;
		};
		C2F7768C25C8FE6200D2689D /* Sources */ = {
			isa = PBXSourcesBuildPhase;
			buildActionMask = 2147483647;
			files = (
				C2F7769525C8FE6200D2689D /* flixsterTests.swift in Sources */,
			);
			runOnlyForDeploymentPostprocessing = 0;
		};
		C2F7769725C8FE6200D2689D /* Sources */ = {
			isa = PBXSourcesBuildPhase;
			buildActionMask = 2147483647;
			files = (
				C2F776A025C8FE6200D2689D /* flixsterUITests.swift in Sources */,
			);
			runOnlyForDeploymentPostprocessing = 0;
		};
/* End PBXSourcesBuildPhase section */

/* Begin PBXTargetDependency section */
		C2F7769225C8FE6200D2689D /* PBXTargetDependency */ = {
			isa = PBXTargetDependency;
			target = C2F7767925C8FE6000D2689D /* flixster */;
			targetProxy = C2F7769125C8FE6200D2689D /* PBXContainerItemProxy */;
		};
		C2F7769D25C8FE6200D2689D /* PBXTargetDependency */ = {
			isa = PBXTargetDependency;
			target = C2F7767925C8FE6000D2689D /* flixster */;
			targetProxy = C2F7769C25C8FE6200D2689D /* PBXContainerItemProxy */;
		};
/* End PBXTargetDependency section */

/* Begin PBXVariantGroup section */
		C2F7768325C8FE6000D2689D /* Main.storyboard */ = {
			isa = PBXVariantGroup;
			children = (
				C2F7768425C8FE6000D2689D /* Base */,
			);
			name = Main.storyboard;
			sourceTree = "<group>";
		};
		C2F7768825C8FE6200D2689D /* LaunchScreen.storyboard */ = {
			isa = PBXVariantGroup;
			children = (
				C2F7768925C8FE6200D2689D /* Base */,
			);
			name = LaunchScreen.storyboard;
			sourceTree = "<group>";
		};
/* End PBXVariantGroup section */

/* Begin XCBuildConfiguration section */
		C2F776A225C8FE6200D2689D /* Debug */ = {
			isa = XCBuildConfiguration;
			buildSettings = {
				ALWAYS_SEARCH_USER_PATHS = NO;
				CLANG_ANALYZER_NONNULL = YES;
				CLANG_ANALYZER_NUMBER_OBJECT_CONVERSION = YES_AGGRESSIVE;
				CLANG_CXX_LANGUAGE_STANDARD = "gnu++14";
				CLANG_CXX_LIBRARY = "libc++";
				CLANG_ENABLE_MODULES = YES;
				CLANG_ENABLE_OBJC_ARC = YES;
				CLANG_ENABLE_OBJC_WEAK = YES;
				CLANG_WARN_BLOCK_CAPTURE_AUTORELEASING = YES;
				CLANG_WARN_BOOL_CONVERSION = YES;
				CLANG_WARN_COMMA = YES;
				CLANG_WARN_CONSTANT_CONVERSION = YES;
				CLANG_WARN_DEPRECATED_OBJC_IMPLEMENTATIONS = YES;
				CLANG_WARN_DIRECT_OBJC_ISA_USAGE = YES_ERROR;
				CLANG_WARN_DOCUMENTATION_COMMENTS = YES;
				CLANG_WARN_EMPTY_BODY = YES;
				CLANG_WARN_ENUM_CONVERSION = YES;
				CLANG_WARN_INFINITE_RECURSION = YES;
				CLANG_WARN_INT_CONVERSION = YES;
				CLANG_WARN_NON_LITERAL_NULL_CONVERSION = YES;
				CLANG_WARN_OBJC_IMPLICIT_RETAIN_SELF = YES;
				CLANG_WARN_OBJC_LITERAL_CONVERSION = YES;
				CLANG_WARN_OBJC_ROOT_CLASS = YES_ERROR;
				CLANG_WARN_QUOTED_INCLUDE_IN_FRAMEWORK_HEADER = YES;
				CLANG_WARN_RANGE_LOOP_ANALYSIS = YES;
				CLANG_WARN_STRICT_PROTOTYPES = YES;
				CLANG_WARN_SUSPICIOUS_MOVE = YES;
				CLANG_WARN_UNGUARDED_AVAILABILITY = YES_AGGRESSIVE;
				CLANG_WARN_UNREACHABLE_CODE = YES;
				CLANG_WARN__DUPLICATE_METHOD_MATCH = YES;
				COPY_PHASE_STRIP = NO;
				DEBUG_INFORMATION_FORMAT = dwarf;
				ENABLE_STRICT_OBJC_MSGSEND = YES;
				ENABLE_TESTABILITY = YES;
				GCC_C_LANGUAGE_STANDARD = gnu11;
				GCC_DYNAMIC_NO_PIC = NO;
				GCC_NO_COMMON_BLOCKS = YES;
				GCC_OPTIMIZATION_LEVEL = 0;
				GCC_PREPROCESSOR_DEFINITIONS = (
					"DEBUG=1",
					"$(inherited)",
				);
				GCC_WARN_64_TO_32_BIT_CONVERSION = YES;
				GCC_WARN_ABOUT_RETURN_TYPE = YES_ERROR;
				GCC_WARN_UNDECLARED_SELECTOR = YES;
				GCC_WARN_UNINITIALIZED_AUTOS = YES_AGGRESSIVE;
				GCC_WARN_UNUSED_FUNCTION = YES;
				GCC_WARN_UNUSED_VARIABLE = YES;
				IPHONEOS_DEPLOYMENT_TARGET = 14.3;
				MTL_ENABLE_DEBUG_INFO = INCLUDE_SOURCE;
				MTL_FAST_MATH = YES;
				ONLY_ACTIVE_ARCH = YES;
				SDKROOT = iphoneos;
				SWIFT_ACTIVE_COMPILATION_CONDITIONS = DEBUG;
				SWIFT_OPTIMIZATION_LEVEL = "-Onone";
			};
			name = Debug;
		};
		C2F776A325C8FE6200D2689D /* Release */ = {
			isa = XCBuildConfiguration;
			buildSettings = {
				ALWAYS_SEARCH_USER_PATHS = NO;
				CLANG_ANALYZER_NONNULL = YES;
				CLANG_ANALYZER_NUMBER_OBJECT_CONVERSION = YES_AGGRESSIVE;
				CLANG_CXX_LANGUAGE_STANDARD = "gnu++14";
				CLANG_CXX_LIBRARY = "libc++";
				CLANG_ENABLE_MODULES = YES;
				CLANG_ENABLE_OBJC_ARC = YES;
				CLANG_ENABLE_OBJC_WEAK = YES;
				CLANG_WARN_BLOCK_CAPTURE_AUTORELEASING = YES;
				CLANG_WARN_BOOL_CONVERSION = YES;
				CLANG_WARN_COMMA = YES;
				CLANG_WARN_CONSTANT_CONVERSION = YES;
				CLANG_WARN_DEPRECATED_OBJC_IMPLEMENTATIONS = YES;
				CLANG_WARN_DIRECT_OBJC_ISA_USAGE = YES_ERROR;
				CLANG_WARN_DOCUMENTATION_COMMENTS = YES;
				CLANG_WARN_EMPTY_BODY = YES;
				CLANG_WARN_ENUM_CONVERSION = YES;
				CLANG_WARN_INFINITE_RECURSION = YES;
				CLANG_WARN_INT_CONVERSION = YES;
				CLANG_WARN_NON_LITERAL_NULL_CONVERSION = YES;
				CLANG_WARN_OBJC_IMPLICIT_RETAIN_SELF = YES;
				CLANG_WARN_OBJC_LITERAL_CONVERSION = YES;
				CLANG_WARN_OBJC_ROOT_CLASS = YES_ERROR;
				CLANG_WARN_QUOTED_INCLUDE_IN_FRAMEWORK_HEADER = YES;
				CLANG_WARN_RANGE_LOOP_ANALYSIS = YES;
				CLANG_WARN_STRICT_PROTOTYPES = YES;
				CLANG_WARN_SUSPICIOUS_MOVE = YES;
				CLANG_WARN_UNGUARDED_AVAILABILITY = YES_AGGRESSIVE;
				CLANG_WARN_UNREACHABLE_CODE = YES;
				CLANG_WARN__DUPLICATE_METHOD_MATCH = YES;
				COPY_PHASE_STRIP = NO;
				DEBUG_INFORMATION_FORMAT = "dwarf-with-dsym";
				ENABLE_NS_ASSERTIONS = NO;
				ENABLE_STRICT_OBJC_MSGSEND = YES;
				GCC_C_LANGUAGE_STANDARD = gnu11;
				GCC_NO_COMMON_BLOCKS = YES;
				GCC_WARN_64_TO_32_BIT_CONVERSION = YES;
				GCC_WARN_ABOUT_RETURN_TYPE = YES_ERROR;
				GCC_WARN_UNDECLARED_SELECTOR = YES;
				GCC_WARN_UNINITIALIZED_AUTOS = YES_AGGRESSIVE;
				GCC_WARN_UNUSED_FUNCTION = YES;
				GCC_WARN_UNUSED_VARIABLE = YES;
				IPHONEOS_DEPLOYMENT_TARGET = 14.3;
				MTL_ENABLE_DEBUG_INFO = NO;
				MTL_FAST_MATH = YES;
				SDKROOT = iphoneos;
				SWIFT_COMPILATION_MODE = wholemodule;
				SWIFT_OPTIMIZATION_LEVEL = "-O";
				VALIDATE_PRODUCT = YES;
			};
			name = Release;
		};
		C2F776A525C8FE6200D2689D /* Debug */ = {
			isa = XCBuildConfiguration;
			baseConfigurationReference = B204D98519778AA973684B7B /* Pods-flixster.debug.xcconfig */;
			buildSettings = {
				ASSETCATALOG_COMPILER_APPICON_NAME = AppIcon;
				ASSETCATALOG_COMPILER_GLOBAL_ACCENT_COLOR_NAME = AccentColor;
				CODE_SIGN_STYLE = Automatic;
				INFOPLIST_FILE = flixster/Info.plist;
				LD_RUNPATH_SEARCH_PATHS = (
					"$(inherited)",
					"@executable_path/Frameworks",
				);
				PRODUCT_BUNDLE_IDENTIFIER = francisco.flixster;
				PRODUCT_NAME = "$(TARGET_NAME)";
				SWIFT_VERSION = 5.0;
				TARGETED_DEVICE_FAMILY = "1,2";
			};
			name = Debug;
		};
		C2F776A625C8FE6200D2689D /* Release */ = {
			isa = XCBuildConfiguration;
			baseConfigurationReference = F59C0F01F05CF6F9070C0D77 /* Pods-flixster.release.xcconfig */;
			buildSettings = {
				ASSETCATALOG_COMPILER_APPICON_NAME = AppIcon;
				ASSETCATALOG_COMPILER_GLOBAL_ACCENT_COLOR_NAME = AccentColor;
				CODE_SIGN_STYLE = Automatic;
				INFOPLIST_FILE = flixster/Info.plist;
				LD_RUNPATH_SEARCH_PATHS = (
					"$(inherited)",
					"@executable_path/Frameworks",
				);
				PRODUCT_BUNDLE_IDENTIFIER = francisco.flixster;
				PRODUCT_NAME = "$(TARGET_NAME)";
				SWIFT_VERSION = 5.0;
				TARGETED_DEVICE_FAMILY = "1,2";
			};
			name = Release;
		};
		C2F776A825C8FE6200D2689D /* Debug */ = {
			isa = XCBuildConfiguration;
			baseConfigurationReference = 2E8B3161EE46ADFCCC9B051D /* Pods-flixsterTests.debug.xcconfig */;
			buildSettings = {
				ALWAYS_EMBED_SWIFT_STANDARD_LIBRARIES = YES;
				BUNDLE_LOADER = "$(TEST_HOST)";
				CODE_SIGN_STYLE = Automatic;
				INFOPLIST_FILE = flixsterTests/Info.plist;
				IPHONEOS_DEPLOYMENT_TARGET = 14.3;
				LD_RUNPATH_SEARCH_PATHS = (
					"$(inherited)",
					"@executable_path/Frameworks",
					"@loader_path/Frameworks",
				);
				PRODUCT_BUNDLE_IDENTIFIER = francisco.flixsterTests;
				PRODUCT_NAME = "$(TARGET_NAME)";
				SWIFT_VERSION = 5.0;
				TARGETED_DEVICE_FAMILY = "1,2";
				TEST_HOST = "$(BUILT_PRODUCTS_DIR)/flixster.app/flixster";
			};
			name = Debug;
		};
		C2F776A925C8FE6200D2689D /* Release */ = {
			isa = XCBuildConfiguration;
			baseConfigurationReference = 77E0D731721CB905A1852B5C /* Pods-flixsterTests.release.xcconfig */;
			buildSettings = {
				ALWAYS_EMBED_SWIFT_STANDARD_LIBRARIES = YES;
				BUNDLE_LOADER = "$(TEST_HOST)";
				CODE_SIGN_STYLE = Automatic;
				INFOPLIST_FILE = flixsterTests/Info.plist;
				IPHONEOS_DEPLOYMENT_TARGET = 14.3;
				LD_RUNPATH_SEARCH_PATHS = (
					"$(inherited)",
					"@executable_path/Frameworks",
					"@loader_path/Frameworks",
				);
				PRODUCT_BUNDLE_IDENTIFIER = francisco.flixsterTests;
				PRODUCT_NAME = "$(TARGET_NAME)";
				SWIFT_VERSION = 5.0;
				TARGETED_DEVICE_FAMILY = "1,2";
				TEST_HOST = "$(BUILT_PRODUCTS_DIR)/flixster.app/flixster";
			};
			name = Release;
		};
		C2F776AB25C8FE6200D2689D /* Debug */ = {
			isa = XCBuildConfiguration;
			baseConfigurationReference = 86ADB05B3BA4468D6DDA8A53 /* Pods-flixster-flixsterUITests.debug.xcconfig */;
			buildSettings = {
				ALWAYS_EMBED_SWIFT_STANDARD_LIBRARIES = YES;
				CODE_SIGN_STYLE = Automatic;
				INFOPLIST_FILE = flixsterUITests/Info.plist;
				LD_RUNPATH_SEARCH_PATHS = (
					"$(inherited)",
					"@executable_path/Frameworks",
					"@loader_path/Frameworks",
				);
				PRODUCT_BUNDLE_IDENTIFIER = francisco.flixsterUITests;
				PRODUCT_NAME = "$(TARGET_NAME)";
				SWIFT_VERSION = 5.0;
				TARGETED_DEVICE_FAMILY = "1,2";
				TEST_TARGET_NAME = flixster;
			};
			name = Debug;
		};
		C2F776AC25C8FE6200D2689D /* Release */ = {
			isa = XCBuildConfiguration;
			baseConfigurationReference = CD3B3A759B24990016EC9F18 /* Pods-flixster-flixsterUITests.release.xcconfig */;
			buildSettings = {
				ALWAYS_EMBED_SWIFT_STANDARD_LIBRARIES = YES;
				CODE_SIGN_STYLE = Automatic;
				INFOPLIST_FILE = flixsterUITests/Info.plist;
				LD_RUNPATH_SEARCH_PATHS = (
					"$(inherited)",
					"@executable_path/Frameworks",
					"@loader_path/Frameworks",
				);
				PRODUCT_BUNDLE_IDENTIFIER = francisco.flixsterUITests;
				PRODUCT_NAME = "$(TARGET_NAME)";
				SWIFT_VERSION = 5.0;
				TARGETED_DEVICE_FAMILY = "1,2";
				TEST_TARGET_NAME = flixster;
			};
			name = Release;
		};
/* End XCBuildConfiguration section */

/* Begin XCConfigurationList section */
		C2F7767525C8FE6000D2689D /* Build configuration list for PBXProject "flixster" */ = {
			isa = XCConfigurationList;
			buildConfigurations = (
				C2F776A225C8FE6200D2689D /* Debug */,
				C2F776A325C8FE6200D2689D /* Release */,
			);
			defaultConfigurationIsVisible = 0;
			defaultConfigurationName = Release;
		};
		C2F776A425C8FE6200D2689D /* Build configuration list for PBXNativeTarget "flixster" */ = {
			isa = XCConfigurationList;
			buildConfigurations = (
				C2F776A525C8FE6200D2689D /* Debug */,
				C2F776A625C8FE6200D2689D /* Release */,
			);
			defaultConfigurationIsVisible = 0;
			defaultConfigurationName = Release;
		};
		C2F776A725C8FE6200D2689D /* Build configuration list for PBXNativeTarget "flixsterTests" */ = {
			isa = XCConfigurationList;
			buildConfigurations = (
				C2F776A825C8FE6200D2689D /* Debug */,
				C2F776A925C8FE6200D2689D /* Release */,
			);
			defaultConfigurationIsVisible = 0;
			defaultConfigurationName = Release;
		};
		C2F776AA25C8FE6200D2689D /* Build configuration list for PBXNativeTarget "flixsterUITests" */ = {
			isa = XCConfigurationList;
			buildConfigurations = (
				C2F776AB25C8FE6200D2689D /* Debug */,
				C2F776AC25C8FE6200D2689D /* Release */,
			);
			defaultConfigurationIsVisible = 0;
			defaultConfigurationName = Release;
		};
/* End XCConfigurationList section */
	};
	rootObject = C2F7767225C8FE6000D2689D /* Project object */;
}
